# THIS IS AN AUTOGENERATED FILE. DO NOT EDIT THIS FILE DIRECTLY.
# yarn lockfile v1


"@types/google-protobuf@^3.15.5":
  version "3.15.5"
  resolved "https://registry.yarnpkg.com/@types/google-protobuf/-/google-protobuf-3.15.5.tgz#644b2be0f5613b1f822c70c73c6b0e0b5b5fa2ad"
  integrity sha512-6bgv24B+A2bo9AfzReeg5StdiijKzwwnRflA8RLd1V4Yv995LeTmo0z69/MPbBDFSiZWdZHQygLo/ccXhMEDgw==

"@types/prettier@^1.19.0":
  version "1.19.1"
  resolved "https://registry.yarnpkg.com/@types/prettier/-/prettier-1.19.1.tgz#33509849f8e679e4add158959fdb086440e9553f"
  integrity sha512-5qOlnZscTn4xxM5MeGXAMOsIOIKIbh9e85zJWfBRVPlRMEVawzoPhINYbRGkBZCI8LxvBe7tJCdWiarA99OZfQ==

"@types/prettier@^2.4.2":
  version "2.4.2"
  resolved "https://registry.yarnpkg.com/@types/prettier/-/prettier-2.4.2.tgz#4c62fae93eb479660c3bd93f9d24d561597a8281"
  integrity sha512-ekoj4qOQYp7CvjX8ZDBgN86w3MqQhLE1hczEJbEIjgFEumDy+na/4AJAbLXfgEWFNB2pKadM5rPFtuSGMWK7xA==

google-protobuf@^3.19.1:
  version "3.19.1"
  resolved "https://registry.yarnpkg.com/google-protobuf/-/google-protobuf-3.19.1.tgz#5af5390e8206c446d8f49febaffd4b7f4ac28f41"
  integrity sha512-Isv1RlNC+IzZzilcxnlVSf+JvuhxmY7DaxYCBy+zPS9XVuJRtlTTIXR9hnZ1YL1MMusJn/7eSy2swCzZIomQSg==

lodash@^4.17.15:
  version "4.17.21"
  resolved "https://registry.yarnpkg.com/lodash/-/lodash-4.17.21.tgz#679591c564c3bffaae8454cf0b3df370c3d6911c"
  integrity sha512-v2kDEe57lecTulaDIuNTPy3Ry4gLGJ6Z1O3vE1krgXZNrsQ+LFTGHVxVjcXPs17LhbZVGedAJv8XZ1tvj5FvSg==

prettier@^2.0.2, prettier@^2.5.0:
  version "2.5.1"
  resolved "https://registry.yarnpkg.com/prettier/-/prettier-2.5.1.tgz#fff75fa9d519c54cf0fce328c1017d94546bc56a"
  integrity sha512-vBZcPRUR5MZJwoyi3ZoyQlc1rXeEck8KgeC9AwwOn+exuxLxq5toTRDTSaVrXHxelDMHy9zlicw8u66yxoSUFg==

ts-poet@^4.6.1:
  version "4.6.1"
  resolved "https://registry.yarnpkg.com/ts-poet/-/ts-poet-4.6.1.tgz#015dc823d726655af9f095c900f84ed7c60e2dd3"
  integrity sha512-DXJ+mBJIDp+jiaUgB4N5I/sczHHDU2FWacdbDNVAVS4Mh4hb7ckpvUWVW7m7/nAOcjR0r4Wt+7AoO7FeJKExfA==
  dependencies:
    "@types/prettier" "^1.19.0"
    lodash "^4.17.15"
    prettier "^2.0.2"
